
Microsoft Visual Studio Solution File, Format Version 12.00
# Visual Studio Version 17
VisualStudioVersion = 17.7.34031.279
MinimumVisualStudioVersion = 10.0.40219.1
Project("{FAE04EC0-301F-11D3-BF4B-00C04F79EFBC}") = "Ejercise 17", "Ejercise 17\Ejercise 17.csproj", "{B9FEB2C4-7031-4F88-8156-226BE1A84A07}"
EndProject
Global
	GlobalSection(SolutionConfigurationPlatforms) = preSolution
		Debug|Any CPU = Debug|Any CPU
		Release|Any CPU = Release|Any CPU
	EndGlobalSection
	GlobalSection(ProjectConfigurationPlatforms) = postSolution
		{B9FEB2C4-7031-4F88-8156-226BE1A84A07}.Debug|Any CPU.ActiveCfg = Debug|Any CPU
		{B9FEB2C4-7031-4F88-8156-226BE1A84A07}.Debug|Any CPU.Build.0 = Debug|Any CPU
		{B9FEB2C4-7031-4F88-8156-226BE1A84A07}.Release|Any CPU.ActiveCfg = Release|Any CPU
		{B9FEB2C4-7031-4F88-8156-226BE1A84A07}.Release|Any CPU.Build.0 = Release|Any CPU
	EndGlobalSection
	GlobalSection(SolutionProperties) = preSolution
		HideSolutionNode = FALSE
	EndGlobalSection
	GlobalSection(ExtensibilityGlobals) = postSolution
		SolutionGuid = {2D828AF9-EA94-4B79-845D-6FE3937D68B7}
	EndGlobalSection
EndGlobal
