
Microsoft Visual Studio Solution File, Format Version 12.00
# Visual Studio Version 17
VisualStudioVersion = 17.7.34024.191
MinimumVisualStudioVersion = 10.0.40219.1
Project("{888888A0-9F3D-457C-B088-3A5042F75D52}") = "Ej1", "Ej1\Ej1.pyproj", "{0D61D664-5C49-4AC0-919D-F270F7A3CEFE}"
EndProject
Global
	GlobalSection(SolutionConfigurationPlatforms) = preSolution
		Debug|Any CPU = Debug|Any CPU
		Release|Any CPU = Release|Any CPU
	EndGlobalSection
	GlobalSection(ProjectConfigurationPlatforms) = postSolution
		{0D61D664-5C49-4AC0-919D-F270F7A3CEFE}.Debug|Any CPU.ActiveCfg = Debug|Any CPU
		{0D61D664-5C49-4AC0-919D-F270F7A3CEFE}.Release|Any CPU.ActiveCfg = Release|Any CPU
	EndGlobalSection
	GlobalSection(SolutionProperties) = preSolution
		HideSolutionNode = FALSE
	EndGlobalSection
	GlobalSection(ExtensibilityGlobals) = postSolution
		SolutionGuid = {08360489-CE5F-479D-AAA1-1C664A1A0C10}
	EndGlobalSection
EndGlobal
