
Microsoft Visual Studio Solution File, Format Version 12.00
# Visual Studio Version 17
VisualStudioVersion = 17.7.34024.191
MinimumVisualStudioVersion = 10.0.40219.1
Project("{888888A0-9F3D-457C-B088-3A5042F75D52}") = "Ej2", "Ej2\Ej2.pyproj", "{EDA9594D-3362-4407-991C-6A71CD2912E3}"
EndProject
Global
	GlobalSection(SolutionConfigurationPlatforms) = preSolution
		Debug|Any CPU = Debug|Any CPU
		Release|Any CPU = Release|Any CPU
	EndGlobalSection
	GlobalSection(ProjectConfigurationPlatforms) = postSolution
		{EDA9594D-3362-4407-991C-6A71CD2912E3}.Debug|Any CPU.ActiveCfg = Debug|Any CPU
		{EDA9594D-3362-4407-991C-6A71CD2912E3}.Release|Any CPU.ActiveCfg = Release|Any CPU
	EndGlobalSection
	GlobalSection(SolutionProperties) = preSolution
		HideSolutionNode = FALSE
	EndGlobalSection
	GlobalSection(ExtensibilityGlobals) = postSolution
		SolutionGuid = {A7F60F01-C365-4D36-922B-3C5C30C3F676}
	EndGlobalSection
EndGlobal
