
Microsoft Visual Studio Solution File, Format Version 12.00
# Visual Studio Version 17
VisualStudioVersion = 17.7.34031.279
MinimumVisualStudioVersion = 10.0.40219.1
Project("{FAE04EC0-301F-11D3-BF4B-00C04F79EFBC}") = "ShoppingList", "ShoppingList\ShoppingList.csproj", "{8C4E7BD1-D38A-4CE1-A543-FD0B4CD8B07F}"
EndProject
Global
	GlobalSection(SolutionConfigurationPlatforms) = preSolution
		Debug|Any CPU = Debug|Any CPU
		Release|Any CPU = Release|Any CPU
	EndGlobalSection
	GlobalSection(ProjectConfigurationPlatforms) = postSolution
		{8C4E7BD1-D38A-4CE1-A543-FD0B4CD8B07F}.Debug|Any CPU.ActiveCfg = Debug|Any CPU
		{8C4E7BD1-D38A-4CE1-A543-FD0B4CD8B07F}.Debug|Any CPU.Build.0 = Debug|Any CPU
		{8C4E7BD1-D38A-4CE1-A543-FD0B4CD8B07F}.Release|Any CPU.ActiveCfg = Release|Any CPU
		{8C4E7BD1-D38A-4CE1-A543-FD0B4CD8B07F}.Release|Any CPU.Build.0 = Release|Any CPU
	EndGlobalSection
	GlobalSection(SolutionProperties) = preSolution
		HideSolutionNode = FALSE
	EndGlobalSection
	GlobalSection(ExtensibilityGlobals) = postSolution
		SolutionGuid = {B608FD14-E4B3-4327-B8B2-FB9648996707}
	EndGlobalSection
EndGlobal
