
Microsoft Visual Studio Solution File, Format Version 12.00
# Visual Studio Version 17
VisualStudioVersion = 17.7.34221.43
MinimumVisualStudioVersion = 10.0.40219.1
Project("{888888A0-9F3D-457C-B088-3A5042F75D52}") = "Ej22", "Ej22\Ej22.pyproj", "{9926E6DB-AF63-428C-ABA8-41DF06EEBBBC}"
EndProject
Global
	GlobalSection(SolutionConfigurationPlatforms) = preSolution
		Debug|Any CPU = Debug|Any CPU
		Release|Any CPU = Release|Any CPU
	EndGlobalSection
	GlobalSection(ProjectConfigurationPlatforms) = postSolution
		{9926E6DB-AF63-428C-ABA8-41DF06EEBBBC}.Debug|Any CPU.ActiveCfg = Debug|Any CPU
		{9926E6DB-AF63-428C-ABA8-41DF06EEBBBC}.Release|Any CPU.ActiveCfg = Release|Any CPU
	EndGlobalSection
	GlobalSection(SolutionProperties) = preSolution
		HideSolutionNode = FALSE
	EndGlobalSection
	GlobalSection(ExtensibilityGlobals) = postSolution
		SolutionGuid = {5045AC95-0B04-489D-8FC6-BBD0991B2669}
	EndGlobalSection
EndGlobal
