
Microsoft Visual Studio Solution File, Format Version 12.00
# Visual Studio Version 17
VisualStudioVersion = 17.7.34031.279
MinimumVisualStudioVersion = 10.0.40219.1
Project("{FAE04EC0-301F-11D3-BF4B-00C04F79EFBC}") = "Exercise 21", "Exercise 21\Exercise 21.csproj", "{FAFFD73E-422A-475E-8ECE-5B9A55E9BD0C}"
EndProject
Global
	GlobalSection(SolutionConfigurationPlatforms) = preSolution
		Debug|Any CPU = Debug|Any CPU
		Release|Any CPU = Release|Any CPU
	EndGlobalSection
	GlobalSection(ProjectConfigurationPlatforms) = postSolution
		{FAFFD73E-422A-475E-8ECE-5B9A55E9BD0C}.Debug|Any CPU.ActiveCfg = Debug|Any CPU
		{FAFFD73E-422A-475E-8ECE-5B9A55E9BD0C}.Debug|Any CPU.Build.0 = Debug|Any CPU
		{FAFFD73E-422A-475E-8ECE-5B9A55E9BD0C}.Release|Any CPU.ActiveCfg = Release|Any CPU
		{FAFFD73E-422A-475E-8ECE-5B9A55E9BD0C}.Release|Any CPU.Build.0 = Release|Any CPU
	EndGlobalSection
	GlobalSection(SolutionProperties) = preSolution
		HideSolutionNode = FALSE
	EndGlobalSection
	GlobalSection(ExtensibilityGlobals) = postSolution
		SolutionGuid = {76AC31AE-4BDD-42AF-9D2A-7494B2C1D343}
	EndGlobalSection
EndGlobal
