
Microsoft Visual Studio Solution File, Format Version 12.00
# Visual Studio Version 17
VisualStudioVersion = 17.7.34221.43
MinimumVisualStudioVersion = 10.0.40219.1
Project("{888888A0-9F3D-457C-B088-3A5042F75D52}") = "Ej12", "Ej12\Ej12.pyproj", "{BFDBFBBA-ABFD-4FA1-BE09-CCD9030315AC}"
EndProject
Global
	GlobalSection(SolutionConfigurationPlatforms) = preSolution
		Debug|Any CPU = Debug|Any CPU
		Release|Any CPU = Release|Any CPU
	EndGlobalSection
	GlobalSection(ProjectConfigurationPlatforms) = postSolution
		{BFDBFBBA-ABFD-4FA1-BE09-CCD9030315AC}.Debug|Any CPU.ActiveCfg = Debug|Any CPU
		{BFDBFBBA-ABFD-4FA1-BE09-CCD9030315AC}.Release|Any CPU.ActiveCfg = Release|Any CPU
	EndGlobalSection
	GlobalSection(SolutionProperties) = preSolution
		HideSolutionNode = FALSE
	EndGlobalSection
	GlobalSection(ExtensibilityGlobals) = postSolution
		SolutionGuid = {7CEF3F19-1B7C-4924-81FB-CAD7208B6FFE}
	EndGlobalSection
EndGlobal
