
Microsoft Visual Studio Solution File, Format Version 12.00
# Visual Studio Version 17
VisualStudioVersion = 17.7.34221.43
MinimumVisualStudioVersion = 10.0.40219.1
Project("{888888A0-9F3D-457C-B088-3A5042F75D52}") = "Ej9", "Ej9\Ej9.pyproj", "{0533774E-AC28-49BE-9440-8F0F13621856}"
EndProject
Global
	GlobalSection(SolutionConfigurationPlatforms) = preSolution
		Debug|Any CPU = Debug|Any CPU
		Release|Any CPU = Release|Any CPU
	EndGlobalSection
	GlobalSection(ProjectConfigurationPlatforms) = postSolution
		{0533774E-AC28-49BE-9440-8F0F13621856}.Debug|Any CPU.ActiveCfg = Debug|Any CPU
		{0533774E-AC28-49BE-9440-8F0F13621856}.Release|Any CPU.ActiveCfg = Release|Any CPU
	EndGlobalSection
	GlobalSection(SolutionProperties) = preSolution
		HideSolutionNode = FALSE
	EndGlobalSection
	GlobalSection(ExtensibilityGlobals) = postSolution
		SolutionGuid = {EF96A9C6-8205-41AF-9FBF-1016789F508D}
	EndGlobalSection
EndGlobal
