
Microsoft Visual Studio Solution File, Format Version 12.00
# Visual Studio Version 17
VisualStudioVersion = 17.7.34221.43
MinimumVisualStudioVersion = 10.0.40219.1
Project("{888888A0-9F3D-457C-B088-3A5042F75D52}") = "Ej17", "Ej17\Ej17.pyproj", "{DEB84E1C-F251-4305-93DF-F25985EB2E13}"
EndProject
Global
	GlobalSection(SolutionConfigurationPlatforms) = preSolution
		Debug|Any CPU = Debug|Any CPU
		Release|Any CPU = Release|Any CPU
	EndGlobalSection
	GlobalSection(ProjectConfigurationPlatforms) = postSolution
		{DEB84E1C-F251-4305-93DF-F25985EB2E13}.Debug|Any CPU.ActiveCfg = Debug|Any CPU
		{DEB84E1C-F251-4305-93DF-F25985EB2E13}.Release|Any CPU.ActiveCfg = Release|Any CPU
	EndGlobalSection
	GlobalSection(SolutionProperties) = preSolution
		HideSolutionNode = FALSE
	EndGlobalSection
	GlobalSection(ExtensibilityGlobals) = postSolution
		SolutionGuid = {8FBE2C83-E450-4903-8CE2-FC2E956ED4A3}
	EndGlobalSection
EndGlobal
