
Microsoft Visual Studio Solution File, Format Version 12.00
# Visual Studio Version 17
VisualStudioVersion = 17.7.34221.43
MinimumVisualStudioVersion = 10.0.40219.1
Project("{888888A0-9F3D-457C-B088-3A5042F75D52}") = "Ej23", "Ej23\Ej23.pyproj", "{639C2308-FCE6-45EA-913E-8799C76C623F}"
EndProject
Global
	GlobalSection(SolutionConfigurationPlatforms) = preSolution
		Debug|Any CPU = Debug|Any CPU
		Release|Any CPU = Release|Any CPU
	EndGlobalSection
	GlobalSection(ProjectConfigurationPlatforms) = postSolution
		{639C2308-FCE6-45EA-913E-8799C76C623F}.Debug|Any CPU.ActiveCfg = Debug|Any CPU
		{639C2308-FCE6-45EA-913E-8799C76C623F}.Release|Any CPU.ActiveCfg = Release|Any CPU
	EndGlobalSection
	GlobalSection(SolutionProperties) = preSolution
		HideSolutionNode = FALSE
	EndGlobalSection
	GlobalSection(ExtensibilityGlobals) = postSolution
		SolutionGuid = {988C5D41-82BD-4271-9CC8-94B3124D145D}
	EndGlobalSection
EndGlobal
