
Microsoft Visual Studio Solution File, Format Version 12.00
# Visual Studio Version 17
VisualStudioVersion = 17.7.34031.279
MinimumVisualStudioVersion = 10.0.40219.1
Project("{888888A0-9F3D-457C-B088-3A5042F75D52}") = "Ej25", "Ej25\Ej25.pyproj", "{952ACAD0-2579-4E8D-ABDC-03CC0D9E6308}"
EndProject
Global
	GlobalSection(SolutionConfigurationPlatforms) = preSolution
		Debug|Any CPU = Debug|Any CPU
		Release|Any CPU = Release|Any CPU
	EndGlobalSection
	GlobalSection(ProjectConfigurationPlatforms) = postSolution
		{952ACAD0-2579-4E8D-ABDC-03CC0D9E6308}.Debug|Any CPU.ActiveCfg = Debug|Any CPU
		{952ACAD0-2579-4E8D-ABDC-03CC0D9E6308}.Release|Any CPU.ActiveCfg = Release|Any CPU
	EndGlobalSection
	GlobalSection(SolutionProperties) = preSolution
		HideSolutionNode = FALSE
	EndGlobalSection
	GlobalSection(ExtensibilityGlobals) = postSolution
		SolutionGuid = {E524DC98-A462-4EFA-962B-4706B79F2FCB}
	EndGlobalSection
EndGlobal
