
Microsoft Visual Studio Solution File, Format Version 12.00
# Visual Studio Version 17
VisualStudioVersion = 17.7.34024.191
MinimumVisualStudioVersion = 10.0.40219.1
Project("{888888A0-9F3D-457C-B088-3A5042F75D52}") = "Ej7", "Ej7\Ej7.pyproj", "{FDA273CA-FB68-47EB-BD52-764061176121}"
EndProject
Global
	GlobalSection(SolutionConfigurationPlatforms) = preSolution
		Debug|Any CPU = Debug|Any CPU
		Release|Any CPU = Release|Any CPU
	EndGlobalSection
	GlobalSection(ProjectConfigurationPlatforms) = postSolution
		{FDA273CA-FB68-47EB-BD52-764061176121}.Debug|Any CPU.ActiveCfg = Debug|Any CPU
		{FDA273CA-FB68-47EB-BD52-764061176121}.Release|Any CPU.ActiveCfg = Release|Any CPU
	EndGlobalSection
	GlobalSection(SolutionProperties) = preSolution
		HideSolutionNode = FALSE
	EndGlobalSection
	GlobalSection(ExtensibilityGlobals) = postSolution
		SolutionGuid = {ABE7B90D-F132-4ABD-99D7-8CF69A4A6F54}
	EndGlobalSection
EndGlobal
