
Microsoft Visual Studio Solution File, Format Version 12.00
# Visual Studio Version 17
VisualStudioVersion = 17.7.34221.43
MinimumVisualStudioVersion = 10.0.40219.1
Project("{888888A0-9F3D-457C-B088-3A5042F75D52}") = "Ej21", "Ej21\Ej21.pyproj", "{81E5B604-A099-404D-80B4-9DD1812DF50C}"
EndProject
Global
	GlobalSection(SolutionConfigurationPlatforms) = preSolution
		Debug|Any CPU = Debug|Any CPU
		Release|Any CPU = Release|Any CPU
	EndGlobalSection
	GlobalSection(ProjectConfigurationPlatforms) = postSolution
		{81E5B604-A099-404D-80B4-9DD1812DF50C}.Debug|Any CPU.ActiveCfg = Debug|Any CPU
		{81E5B604-A099-404D-80B4-9DD1812DF50C}.Release|Any CPU.ActiveCfg = Release|Any CPU
	EndGlobalSection
	GlobalSection(SolutionProperties) = preSolution
		HideSolutionNode = FALSE
	EndGlobalSection
	GlobalSection(ExtensibilityGlobals) = postSolution
		SolutionGuid = {A11B35DF-F0D1-47F8-BD0C-41CE5148DD0C}
	EndGlobalSection
EndGlobal
