
Microsoft Visual Studio Solution File, Format Version 12.00
# Visual Studio Version 17
VisualStudioVersion = 17.9.34616.47
MinimumVisualStudioVersion = 10.0.40219.1
Project("{FAE04EC0-301F-11D3-BF4B-00C04F79EFBC}") = "OtroEjemploConBD", "OtroEjemploConBD\OtroEjemploConBD.csproj", "{F27129CC-CF3B-4B90-B8A2-D7C69F534E47}"
EndProject
Global
	GlobalSection(SolutionConfigurationPlatforms) = preSolution
		Debug|Any CPU = Debug|Any CPU
		Release|Any CPU = Release|Any CPU
	EndGlobalSection
	GlobalSection(ProjectConfigurationPlatforms) = postSolution
		{F27129CC-CF3B-4B90-B8A2-D7C69F534E47}.Debug|Any CPU.ActiveCfg = Debug|Any CPU
		{F27129CC-CF3B-4B90-B8A2-D7C69F534E47}.Debug|Any CPU.Build.0 = Debug|Any CPU
		{F27129CC-CF3B-4B90-B8A2-D7C69F534E47}.Release|Any CPU.ActiveCfg = Release|Any CPU
		{F27129CC-CF3B-4B90-B8A2-D7C69F534E47}.Release|Any CPU.Build.0 = Release|Any CPU
	EndGlobalSection
	GlobalSection(SolutionProperties) = preSolution
		HideSolutionNode = FALSE
	EndGlobalSection
	GlobalSection(ExtensibilityGlobals) = postSolution
		SolutionGuid = {A6B83C17-33B5-4C31-AB73-1D42980E5670}
	EndGlobalSection
EndGlobal
