
Microsoft Visual Studio Solution File, Format Version 12.00
# Visual Studio Version 17
VisualStudioVersion = 17.7.34221.43
MinimumVisualStudioVersion = 10.0.40219.1
Project("{888888A0-9F3D-457C-B088-3A5042F75D52}") = "Ej19", "Ej19\Ej19.pyproj", "{CEFEFFF5-E931-49A4-8236-74B07895AAB4}"
EndProject
Global
	GlobalSection(SolutionConfigurationPlatforms) = preSolution
		Debug|Any CPU = Debug|Any CPU
		Release|Any CPU = Release|Any CPU
	EndGlobalSection
	GlobalSection(ProjectConfigurationPlatforms) = postSolution
		{CEFEFFF5-E931-49A4-8236-74B07895AAB4}.Debug|Any CPU.ActiveCfg = Debug|Any CPU
		{CEFEFFF5-E931-49A4-8236-74B07895AAB4}.Release|Any CPU.ActiveCfg = Release|Any CPU
	EndGlobalSection
	GlobalSection(SolutionProperties) = preSolution
		HideSolutionNode = FALSE
	EndGlobalSection
	GlobalSection(ExtensibilityGlobals) = postSolution
		SolutionGuid = {53413841-7D45-4229-9030-AAA3353320D9}
	EndGlobalSection
EndGlobal
